// !$*UTF8*$!
{
	archiveVersion = 1;
	classes = {
	};
	objectVersion = 56;
	objects = {

/* Begin PBXBuildFile section */
		4355D62329E09C0D00E5F8A2 /* ipCalcApp.swift in Sources */ = {isa = PBXBuildFile; fileRef = 4355D62229E09C0D00E5F8A2 /* ipCalcApp.swift */; };
		4355D62529E09C0D00E5F8A2 /* ContentView.swift in Sources */ = {isa = PBXBuildFile; fileRef = 4355D62429E09C0D00E5F8A2 /* ContentView.swift */; };
		4355D62729E09C0E00E5F8A2 /* Assets.xcassets in Resources */ = {isa = PBXBuildFile; fileRef = 4355D62629E09C0E00E5F8A2 /* Assets.xcassets */; };
		4355D62B29E09C0E00E5F8A2 /* Preview Assets.xcassets in Resources */ = {isa = PBXBuildFile; fileRef = 4355D62A29E09C0E00E5F8A2 /* Preview Assets.xcassets */; };
		4355D63529E09C0F00E5F8A2 /* ipCalcTests.swift in Sources */ = {isa = PBXBuildFile; fileRef = 4355D63429E09C0F00E5F8A2 /* ipCalcTests.swift */; };
		4355D63F29E09C0F00E5F8A2 /* ipCalcUITests.swift in Sources */ = {isa = PBXBuildFile; fileRef = 4355D63E29E09C0F00E5F8A2 /* ipCalcUITests.swift */; };
		4355D64129E09C0F00E5F8A2 /* ipCalcUITestsLaunchTests.swift in Sources */ = {isa = PBXBuildFile; fileRef = 4355D64029E09C0F00E5F8A2 /* ipCalcUITestsLaunchTests.swift */; };
		4355D64E29E09C5A00E5F8A2 /* ipAddressModel.swift in Sources */ = {isa = PBXBuildFile; fileRef = 4355D64D29E09C5A00E5F8A2 /* ipAddressModel.swift */; };
/* End PBXBuildFile section */

/* Begin PBXContainerItemProxy section */
		4355D63129E09C0F00E5F8A2 /* PBXContainerItemProxy */ = {
			isa = PBXContainerItemProxy;
			containerPortal = 4355D61729E09C0D00E5F8A2 /* Project object */;
			proxyType = 1;
			remoteGlobalIDString = 4355D61E29E09C0D00E5F8A2;
			remoteInfo = ipCalc;
		};
		4355D63B29E09C0F00E5F8A2 /* PBXContainerItemProxy */ = {
			isa = PBXContainerItemProxy;
			containerPortal = 4355D61729E09C0D00E5F8A2 /* Project object */;
			proxyType = 1;
			remoteGlobalIDString = 4355D61E29E09C0D00E5F8A2;
			remoteInfo = ipCalc;
		};
/* End PBXContainerItemProxy section */

/* Begin PBXFileReference section */
		4355D61F29E09C0D00E5F8A2 /* ipCalc.app */ = {isa = PBXFileReference; explicitFileType = wrapper.application; includeInIndex = 0; path = ipCalc.app; sourceTree = BUILT_PRODUCTS_DIR; };
		4355D62229E09C0D00E5F8A2 /* ipCalcApp.swift */ = {isa = PBXFileReference; lastKnownFileType = sourcecode.swift; path = ipCalcApp.swift; sourceTree = "<group>"; };
		4355D62429E09C0D00E5F8A2 /* ContentView.swift */ = {isa = PBXFileReference; lastKnownFileType = sourcecode.swift; path = ContentView.swift; sourceTree = "<group>"; };
		4355D62629E09C0E00E5F8A2 /* Assets.xcassets */ = {isa = PBXFileReference; lastKnownFileType = folder.assetcatalog; path = Assets.xcassets; sourceTree = "<group>"; };
		4355D62829E09C0E00E5F8A2 /* ipCalc.entitlements */ = {isa = PBXFileReference; lastKnownFileType = text.plist.entitlements; path = ipCalc.entitlements; sourceTree = "<group>"; };
		4355D62A29E09C0E00E5F8A2 /* Preview Assets.xcassets */ = {isa = PBXFileReference; lastKnownFileType = folder.assetcatalog; path = "Preview Assets.xcassets"; sourceTree = "<group>"; };
		4355D63029E09C0F00E5F8A2 /* ipCalcTests.xctest */ = {isa = PBXFileReference; explicitFileType = wrapper.cfbundle; includeInIndex = 0; path = ipCalcTests.xctest; sourceTree = BUILT_PRODUCTS_DIR; };
		4355D63429E09C0F00E5F8A2 /* ipCalcTests.swift */ = {isa = PBXFileReference; lastKnownFileType = sourcecode.swift; path = ipCalcTests.swift; sourceTree = "<group>"; };
		4355D63A29E09C0F00E5F8A2 /* ipCalcUITests.xctest */ = {isa = PBXFileReference; explicitFileType = wrapper.cfbundle; includeInIndex = 0; path = ipCalcUITests.xctest; sourceTree = BUILT_PRODUCTS_DIR; };
		4355D63E29E09C0F00E5F8A2 /* ipCalcUITests.swift */ = {isa = PBXFileReference; lastKnownFileType = sourcecode.swift; path = ipCalcUITests.swift; sourceTree = "<group>"; };
		4355D64029E09C0F00E5F8A2 /* ipCalcUITestsLaunchTests.swift */ = {isa = PBXFileReference; lastKnownFileType = sourcecode.swift; path = ipCalcUITestsLaunchTests.swift; sourceTree = "<group>"; };
		4355D64D29E09C5A00E5F8A2 /* ipAddressModel.swift */ = {isa = PBXFileReference; lastKnownFileType = sourcecode.swift; path = ipAddressModel.swift; sourceTree = "<group>"; };
/* End PBXFileReference section */

/* Begin PBXFrameworksBuildPhase section */
		4355D61C29E09C0D00E5F8A2 /* Frameworks */ = {
			isa = PBXFrameworksBuildPhase;
			buildActionMask = 2147483647;
			files = (
			);
			runOnlyForDeploymentPostprocessing = 0;
		};
		4355D62D29E09C0F00E5F8A2 /* Frameworks */ = {
			isa = PBXFrameworksBuildPhase;
			buildActionMask = 2147483647;
			files = (
			);
			runOnlyForDeploymentPostprocessing = 0;
		};
		4355D63729E09C0F00E5F8A2 /* Frameworks */ = {
			isa = PBXFrameworksBuildPhase;
			buildActionMask = 2147483647;
			files = (
			);
			runOnlyForDeploymentPostprocessing = 0;
		};
/* End PBXFrameworksBuildPhase section */

/* Begin PBXGroup section */
		4355D61629E09C0D00E5F8A2 = {
			isa = PBXGroup;
			children = (
				4355D62129E09C0D00E5F8A2 /* ipCalc */,
				4355D63329E09C0F00E5F8A2 /* ipCalcTests */,
				4355D63D29E09C0F00E5F8A2 /* ipCalcUITests */,
				4355D62029E09C0D00E5F8A2 /* Products */,
			);
			sourceTree = "<group>";
		};
		4355D62029E09C0D00E5F8A2 /* Products */ = {
			isa = PBXGroup;
			children = (
				4355D61F29E09C0D00E5F8A2 /* ipCalc.app */,
				4355D63029E09C0F00E5F8A2 /* ipCalcTests.xctest */,
				4355D63A29E09C0F00E5F8A2 /* ipCalcUITests.xctest */,
			);
			name = Products;
			sourceTree = "<group>";
		};
		4355D62129E09C0D00E5F8A2 /* ipCalc */ = {
			isa = PBXGroup;
			children = (
				4355D62229E09C0D00E5F8A2 /* ipCalcApp.swift */,
				4355D62429E09C0D00E5F8A2 /* ContentView.swift */,
				4355D62629E09C0E00E5F8A2 /* Assets.xcassets */,
				4355D62829E09C0E00E5F8A2 /* ipCalc.entitlements */,
				4355D62929E09C0E00E5F8A2 /* Preview Content */,
				4355D64D29E09C5A00E5F8A2 /* ipAddressModel.swift */,
			);
			path = ipCalc;
			sourceTree = "<group>";
		};
		4355D62929E09C0E00E5F8A2 /* Preview Content */ = {
			isa = PBXGroup;
			children = (
				4355D62A29E09C0E00E5F8A2 /* Preview Assets.xcassets */,
			);
			path = "Preview Content";
			sourceTree = "<group>";
		};
		4355D63329E09C0F00E5F8A2 /* ipCalcTests */ = {
			isa = PBXGroup;
			children = (
				4355D63429E09C0F00E5F8A2 /* ipCalcTests.swift */,
			);
			path = ipCalcTests;
			sourceTree = "<group>";
		};
		4355D63D29E09C0F00E5F8A2 /* ipCalcUITests */ = {
			isa = PBXGroup;
			children = (
				4355D63E29E09C0F00E5F8A2 /* ipCalcUITests.swift */,
				4355D64029E09C0F00E5F8A2 /* ipCalcUITestsLaunchTests.swift */,
			);
			path = ipCalcUITests;
			sourceTree = "<group>";
		};
/* End PBXGroup section */

/* Begin PBXNativeTarget section */
		4355D61E29E09C0D00E5F8A2 /* ipCalc */ = {
			isa = PBXNativeTarget;
			buildConfigurationList = 4355D64429E09C0F00E5F8A2 /* Build configuration list for PBXNativeTarget "ipCalc" */;
			buildPhases = (
				4355D61B29E09C0D00E5F8A2 /* Sources */,
				4355D61C29E09C0D00E5F8A2 /* Frameworks */,
				4355D61D29E09C0D00E5F8A2 /* Resources */,
			);
			buildRules = (
			);
			dependencies = (
			);
			name = ipCalc;
			productName = ipCalc;
			productReference = 4355D61F29E09C0D00E5F8A2 /* ipCalc.app */;
			productType = "com.apple.product-type.application";
		};
		4355D62F29E09C0F00E5F8A2 /* ipCalcTests */ = {
			isa = PBXNativeTarget;
			buildConfigurationList = 4355D64729E09C0F00E5F8A2 /* Build configuration list for PBXNativeTarget "ipCalcTests" */;
			buildPhases = (
				4355D62C29E09C0F00E5F8A2 /* Sources */,
				4355D62D29E09C0F00E5F8A2 /* Frameworks */,
				4355D62E29E09C0F00E5F8A2 /* Resources */,
			);
			buildRules = (
			);
			dependencies = (
				4355D63229E09C0F00E5F8A2 /* PBXTargetDependency */,
			);
			name = ipCalcTests;
			productName = ipCalcTests;
			productReference = 4355D63029E09C0F00E5F8A2 /* ipCalcTests.xctest */;
			productType = "com.apple.product-type.bundle.unit-test";
		};
		4355D63929E09C0F00E5F8A2 /* ipCalcUITests */ = {
			isa = PBXNativeTarget;
			buildConfigurationList = 4355D64A29E09C0F00E5F8A2 /* Build configuration list for PBXNativeTarget "ipCalcUITests" */;
			buildPhases = (
				4355D63629E09C0F00E5F8A2 /* Sources */,
				4355D63729E09C0F00E5F8A2 /* Frameworks */,
				4355D63829E09C0F00E5F8A2 /* Resources */,
			);
			buildRules = (
			);
			dependencies = (
				4355D63C29E09C0F00E5F8A2 /* PBXTargetDependency */,
			);
			name = ipCalcUITests;
			productName = ipCalcUITests;
			productReference = 4355D63A29E09C0F00E5F8A2 /* ipCalcUITests.xctest */;
			productType = "com.apple.product-type.bundle.ui-testing";
		};
/* End PBXNativeTarget section */

/* Begin PBXProject section */
		4355D61729E09C0D00E5F8A2 /* Project object */ = {
			isa = PBXProject;
			attributes = {
				BuildIndependentTargetsInParallel = 1;
				LastSwiftUpdateCheck = 1420;
				LastUpgradeCheck = 1420;
				TargetAttributes = {
					4355D61E29E09C0D00E5F8A2 = {
						CreatedOnToolsVersion = 14.2;
					};
					4355D62F29E09C0F00E5F8A2 = {
						CreatedOnToolsVersion = 14.2;
						TestTargetID = 4355D61E29E09C0D00E5F8A2;
					};
					4355D63929E09C0F00E5F8A2 = {
						CreatedOnToolsVersion = 14.2;
						TestTargetID = 4355D61E29E09C0D00E5F8A2;
					};
				};
			};
			buildConfigurationList = 4355D61A29E09C0D00E5F8A2 /* Build configuration list for PBXProject "ipCalc" */;
			compatibilityVersion = "Xcode 14.0";
			developmentRegion = en;
			hasScannedForEncodings = 0;
			knownRegions = (
				en,
				Base,
			);
			mainGroup = 4355D61629E09C0D00E5F8A2;
			productRefGroup = 4355D62029E09C0D00E5F8A2 /* Products */;
			projectDirPath = "";
			projectRoot = "";
			targets = (
				4355D61E29E09C0D00E5F8A2 /* ipCalc */,
				4355D62F29E09C0F00E5F8A2 /* ipCalcTests */,
				4355D63929E09C0F00E5F8A2 /* ipCalcUITests */,
			);
		};
/* End PBXProject section */

/* Begin PBXResourcesBuildPhase section */
		4355D61D29E09C0D00E5F8A2 /* Resources */ = {
			isa = PBXResourcesBuildPhase;
			buildActionMask = 2147483647;
			files = (
				4355D62B29E09C0E00E5F8A2 /* Preview Assets.xcassets in Resources */,
				4355D62729E09C0E00E5F8A2 /* Assets.xcassets in Resources */,
			);
			runOnlyForDeploymentPostprocessing = 0;
		};
		4355D62E29E09C0F00E5F8A2 /* Resources */ = {
			isa = PBXResourcesBuildPhase;
			buildActionMask = 2147483647;
			files = (
			);
			runOnlyForDeploymentPostprocessing = 0;
		};
		4355D63829E09C0F00E5F8A2 /* Resources */ = {
			isa = PBXResourcesBuildPhase;
			buildActionMask = 2147483647;
			files = (
			);
			runOnlyForDeploymentPostprocessing = 0;
		};
/* End PBXResourcesBuildPhase section */

/* Begin PBXSourcesBuildPhase section */
		4355D61B29E09C0D00E5F8A2 /* Sources */ = {
			isa = PBXSourcesBuildPhase;
			buildActionMask = 2147483647;
			files = (
				4355D62529E09C0D00E5F8A2 /* ContentView.swift in Sources */,
				4355D62329E09C0D00E5F8A2 /* ipCalcApp.swift in Sources */,
				4355D64E29E09C5A00E5F8A2 /* ipAddressModel.swift in Sources */,
			);
			runOnlyForDeploymentPostprocessing = 0;
		};
		4355D62C29E09C0F00E5F8A2 /* Sources */ = {
			isa = PBXSourcesBuildPhase;
			buildActionMask = 2147483647;
			files = (
				4355D63529E09C0F00E5F8A2 /* ipCalcTests.swift in Sources */,
			);
			runOnlyForDeploymentPostprocessing = 0;
		};
		4355D63629E09C0F00E5F8A2 /* Sources */ = {
			isa = PBXSourcesBuildPhase;
			buildActionMask = 2147483647;
			files = (
				4355D64129E09C0F00E5F8A2 /* ipCalcUITestsLaunchTests.swift in Sources */,
				4355D63F29E09C0F00E5F8A2 /* ipCalcUITests.swift in Sources */,
			);
			runOnlyForDeploymentPostprocessing = 0;
		};
/* End PBXSourcesBuildPhase section */

/* Begin PBXTargetDependency section */
		4355D63229E09C0F00E5F8A2 /* PBXTargetDependency */ = {
			isa = PBXTargetDependency;
			target = 4355D61E29E09C0D00E5F8A2 /* ipCalc */;
			targetProxy = 4355D63129E09C0F00E5F8A2 /* PBXContainerItemProxy */;
		};
		4355D63C29E09C0F00E5F8A2 /* PBXTargetDependency */ = {
			isa = PBXTargetDependency;
			target = 4355D61E29E09C0D00E5F8A2 /* ipCalc */;
			targetProxy = 4355D63B29E09C0F00E5F8A2 /* PBXContainerItemProxy */;
		};
/* End PBXTargetDependency section */

/* Begin XCBuildConfiguration section */
		4355D64229E09C0F00E5F8A2 /* Debug */ = {
			isa = XCBuildConfiguration;
			buildSettings = {
				ALWAYS_SEARCH_USER_PATHS = NO;
				CLANG_ANALYZER_NONNULL = YES;
				CLANG_ANALYZER_NUMBER_OBJECT_CONVERSION = YES_AGGRESSIVE;
				CLANG_CXX_LANGUAGE_STANDARD = "gnu++20";
				CLANG_ENABLE_MODULES = YES;
				CLANG_ENABLE_OBJC_ARC = YES;
				CLANG_ENABLE_OBJC_WEAK = YES;
				CLANG_WARN_BLOCK_CAPTURE_AUTORELEASING = YES;
				CLANG_WARN_BOOL_CONVERSION = YES;
				CLANG_WARN_COMMA = YES;
				CLANG_WARN_CONSTANT_CONVERSION = YES;
				CLANG_WARN_DEPRECATED_OBJC_IMPLEMENTATIONS = YES;
				CLANG_WARN_DIRECT_OBJC_ISA_USAGE = YES_ERROR;
				CLANG_WARN_DOCUMENTATION_COMMENTS = YES;
				CLANG_WARN_EMPTY_BODY = YES;
				CLANG_WARN_ENUM_CONVERSION = YES;
				CLANG_WARN_INFINITE_RECURSION = YES;
				CLANG_WARN_INT_CONVERSION = YES;
				CLANG_WARN_NON_LITERAL_NULL_CONVERSION = YES;
				CLANG_WARN_OBJC_IMPLICIT_RETAIN_SELF = YES;
				CLANG_WARN_OBJC_LITERAL_CONVERSION = YES;
				CLANG_WARN_OBJC_ROOT_CLASS = YES_ERROR;
				CLANG_WARN_QUOTED_INCLUDE_IN_FRAMEWORK_HEADER = YES;
				CLANG_WARN_RANGE_LOOP_ANALYSIS = YES;
				CLANG_WARN_STRICT_PROTOTYPES = YES;
				CLANG_WARN_SUSPICIOUS_MOVE = YES;
				CLANG_WARN_UNGUARDED_AVAILABILITY = YES_AGGRESSIVE;
				CLANG_WARN_UNREACHABLE_CODE = YES;
				CLANG_WARN__DUPLICATE_METHOD_MATCH = YES;
				COPY_PHASE_STRIP = NO;
				DEBUG_INFORMATION_FORMAT = dwarf;
				ENABLE_STRICT_OBJC_MSGSEND = YES;
				ENABLE_TESTABILITY = YES;
				GCC_C_LANGUAGE_STANDARD = gnu11;
				GCC_DYNAMIC_NO_PIC = NO;
				GCC_NO_COMMON_BLOCKS = YES;
				GCC_OPTIMIZATION_LEVEL = 0;
				GCC_PREPROCESSOR_DEFINITIONS = (
					"DEBUG=1",
					"$(inherited)",
				);
				GCC_WARN_64_TO_32_BIT_CONVERSION = YES;
				GCC_WARN_ABOUT_RETURN_TYPE = YES_ERROR;
				GCC_WARN_UNDECLARED_SELECTOR = YES;
				GCC_WARN_UNINITIALIZED_AUTOS = YES_AGGRESSIVE;
				GCC_WARN_UNUSED_FUNCTION = YES;
				GCC_WARN_UNUSED_VARIABLE = YES;
				MTL_ENABLE_DEBUG_INFO = INCLUDE_SOURCE;
				MTL_FAST_MATH = YES;
				ONLY_ACTIVE_ARCH = YES;
				SWIFT_ACTIVE_COMPILATION_CONDITIONS = DEBUG;
				SWIFT_OPTIMIZATION_LEVEL = "-Onone";
			};
			name = Debug;
		};
		4355D64329E09C0F00E5F8A2 /* Release */ = {
			isa = XCBuildConfiguration;
			buildSettings = {
				ALWAYS_SEARCH_USER_PATHS = NO;
				CLANG_ANALYZER_NONNULL = YES;
				CLANG_ANALYZER_NUMBER_OBJECT_CONVERSION = YES_AGGRESSIVE;
				CLANG_CXX_LANGUAGE_STANDARD = "gnu++20";
				CLANG_ENABLE_MODULES = YES;
				CLANG_ENABLE_OBJC_ARC = YES;
				CLANG_ENABLE_OBJC_WEAK = YES;
				CLANG_WARN_BLOCK_CAPTURE_AUTORELEASING = YES;
				CLANG_WARN_BOOL_CONVERSION = YES;
				CLANG_WARN_COMMA = YES;
				CLANG_WARN_CONSTANT_CONVERSION = YES;
				CLANG_WARN_DEPRECATED_OBJC_IMPLEMENTATIONS = YES;
				CLANG_WARN_DIRECT_OBJC_ISA_USAGE = YES_ERROR;
				CLANG_WARN_DOCUMENTATION_COMMENTS = YES;
				CLANG_WARN_EMPTY_BODY = YES;
				CLANG_WARN_ENUM_CONVERSION = YES;
				CLANG_WARN_INFINITE_RECURSION = YES;
				CLANG_WARN_INT_CONVERSION = YES;
				CLANG_WARN_NON_LITERAL_NULL_CONVERSION = YES;
				CLANG_WARN_OBJC_IMPLICIT_RETAIN_SELF = YES;
				CLANG_WARN_OBJC_LITERAL_CONVERSION = YES;
				CLANG_WARN_OBJC_ROOT_CLASS = YES_ERROR;
				CLANG_WARN_QUOTED_INCLUDE_IN_FRAMEWORK_HEADER = YES;
				CLANG_WARN_RANGE_LOOP_ANALYSIS = YES;
				CLANG_WARN_STRICT_PROTOTYPES = YES;
				CLANG_WARN_SUSPICIOUS_MOVE = YES;
				CLANG_WARN_UNGUARDED_AVAILABILITY = YES_AGGRESSIVE;
				CLANG_WARN_UNREACHABLE_CODE = YES;
				CLANG_WARN__DUPLICATE_METHOD_MATCH = YES;
				COPY_PHASE_STRIP = NO;
				DEBUG_INFORMATION_FORMAT = "dwarf-with-dsym";
				ENABLE_NS_ASSERTIONS = NO;
				ENABLE_STRICT_OBJC_MSGSEND = YES;
				GCC_C_LANGUAGE_STANDARD = gnu11;
				GCC_NO_COMMON_BLOCKS = YES;
				GCC_WARN_64_TO_32_BIT_CONVERSION = YES;
				GCC_WARN_ABOUT_RETURN_TYPE = YES_ERROR;
				GCC_WARN_UNDECLARED_SELECTOR = YES;
				GCC_WARN_UNINITIALIZED_AUTOS = YES_AGGRESSIVE;
				GCC_WARN_UNUSED_FUNCTION = YES;
				GCC_WARN_UNUSED_VARIABLE = YES;
				MTL_ENABLE_DEBUG_INFO = NO;
				MTL_FAST_MATH = YES;
				SWIFT_COMPILATION_MODE = wholemodule;
				SWIFT_OPTIMIZATION_LEVEL = "-O";
			};
			name = Release;
		};
		4355D64529E09C0F00E5F8A2 /* Debug */ = {
			isa = XCBuildConfiguration;
			buildSettings = {
				ASSETCATALOG_COMPILER_APPICON_NAME = AppIcon;
				ASSETCATALOG_COMPILER_GLOBAL_ACCENT_COLOR_NAME = AccentColor;
				CODE_SIGN_ENTITLEMENTS = ipCalc/ipCalc.entitlements;
				CODE_SIGN_STYLE = Automatic;
				CURRENT_PROJECT_VERSION = 1;
				DEVELOPMENT_ASSET_PATHS = "\"ipCalc/Preview Content\"";
				ENABLE_PREVIEWS = YES;
				GENERATE_INFOPLIST_FILE = YES;
				"INFOPLIST_KEY_UIApplicationSceneManifest_Generation[sdk=iphoneos*]" = YES;
				"INFOPLIST_KEY_UIApplicationSceneManifest_Generation[sdk=iphonesimulator*]" = YES;
				"INFOPLIST_KEY_UIApplicationSupportsIndirectInputEvents[sdk=iphoneos*]" = YES;
				"INFOPLIST_KEY_UIApplicationSupportsIndirectInputEvents[sdk=iphonesimulator*]" = YES;
				"INFOPLIST_KEY_UILaunchScreen_Generation[sdk=iphoneos*]" = YES;
				"INFOPLIST_KEY_UILaunchScreen_Generation[sdk=iphonesimulator*]" = YES;
				"INFOPLIST_KEY_UIStatusBarStyle[sdk=iphoneos*]" = UIStatusBarStyleDefault;
				"INFOPLIST_KEY_UIStatusBarStyle[sdk=iphonesimulator*]" = UIStatusBarStyleDefault;
				INFOPLIST_KEY_UISupportedInterfaceOrientations_iPad = "UIInterfaceOrientationPortrait UIInterfaceOrientationPortraitUpsideDown UIInterfaceOrientationLandscapeLeft UIInterfaceOrientationLandscapeRight";
				INFOPLIST_KEY_UISupportedInterfaceOrientations_iPhone = "UIInterfaceOrientationPortrait UIInterfaceOrientationLandscapeLeft UIInterfaceOrientationLandscapeRight";
				IPHONEOS_DEPLOYMENT_TARGET = 16.2;
				LD_RUNPATH_SEARCH_PATHS = "@executable_path/Frameworks";
				"LD_RUNPATH_SEARCH_PATHS[sdk=macosx*]" = "@executable_path/../Frameworks";
				MACOSX_DEPLOYMENT_TARGET = 13.1;
				MARKETING_VERSION = 1.0;
				PRODUCT_BUNDLE_IDENTIFIER = i860.cc.ipCalc;
				PRODUCT_NAME = "$(TARGET_NAME)";
				SDKROOT = auto;
				SUPPORTED_PLATFORMS = "iphoneos iphonesimulator macosx";
				SWIFT_EMIT_LOC_STRINGS = YES;
				SWIFT_VERSION = 5.0;
				TARGETED_DEVICE_FAMILY = "1,2";
			};
			name = Debug;
		};
		4355D64629E09C0F00E5F8A2 /* Release */ = {
			isa = XCBuildConfiguration;
			buildSettings = {
				ASSETCATALOG_COMPILER_APPICON_NAME = AppIcon;
				ASSETCATALOG_COMPILER_GLOBAL_ACCENT_COLOR_NAME = AccentColor;
				CODE_SIGN_ENTITLEMENTS = ipCalc/ipCalc.entitlements;
				CODE_SIGN_STYLE = Automatic;
				CURRENT_PROJECT_VERSION = 1;
				DEVELOPMENT_ASSET_PATHS = "\"ipCalc/Preview Content\"";
				ENABLE_PREVIEWS = YES;
				GENERATE_INFOPLIST_FILE = YES;
				"INFOPLIST_KEY_UIApplicationSceneManifest_Generation[sdk=iphoneos*]" = YES;
				"INFOPLIST_KEY_UIApplicationSceneManifest_Generation[sdk=iphonesimulator*]" = YES;
				"INFOPLIST_KEY_UIApplicationSupportsIndirectInputEvents[sdk=iphoneos*]" = YES;
				"INFOPLIST_KEY_UIApplicationSupportsIndirectInputEvents[sdk=iphonesimulator*]" = YES;
				"INFOPLIST_KEY_UILaunchScreen_Generation[sdk=iphoneos*]" = YES;
				"INFOPLIST_KEY_UILaunchScreen_Generation[sdk=iphonesimulator*]" = YES;
				"INFOPLIST_KEY_UIStatusBarStyle[sdk=iphoneos*]" = UIStatusBarStyleDefault;
				"INFOPLIST_KEY_UIStatusBarStyle[sdk=iphonesimulator*]" = UIStatusBarStyleDefault;
				INFOPLIST_KEY_UISupportedInterfaceOrientations_iPad = "UIInterfaceOrientationPortrait UIInterfaceOrientationPortraitUpsideDown UIInterfaceOrientationLandscapeLeft UIInterfaceOrientationLandscapeRight";
				INFOPLIST_KEY_UISupportedInterfaceOrientations_iPhone = "UIInterfaceOrientationPortrait UIInterfaceOrientationLandscapeLeft UIInterfaceOrientationLandscapeRight";
				IPHONEOS_DEPLOYMENT_TARGET = 16.2;
				LD_RUNPATH_SEARCH_PATHS = "@executable_path/Frameworks";
				"LD_RUNPATH_SEARCH_PATHS[sdk=macosx*]" = "@executable_path/../Frameworks";
				MACOSX_DEPLOYMENT_TARGET = 13.1;
				MARKETING_VERSION = 1.0;
				PRODUCT_BUNDLE_IDENTIFIER = i860.cc.ipCalc;
				PRODUCT_NAME = "$(TARGET_NAME)";
				SDKROOT = auto;
				SUPPORTED_PLATFORMS = "iphoneos iphonesimulator macosx";
				SWIFT_EMIT_LOC_STRINGS = YES;
				SWIFT_VERSION = 5.0;
				TARGETED_DEVICE_FAMILY = "1,2";
			};
			name = Release;
		};
		4355D64829E09C0F00E5F8A2 /* Debug */ = {
			isa = XCBuildConfiguration;
			buildSettings = {
				ALWAYS_EMBED_SWIFT_STANDARD_LIBRARIES = YES;
				BUNDLE_LOADER = "$(TEST_HOST)";
				CODE_SIGN_STYLE = Automatic;
				CURRENT_PROJECT_VERSION = 1;
				GENERATE_INFOPLIST_FILE = YES;
				IPHONEOS_DEPLOYMENT_TARGET = 16.2;
				MACOSX_DEPLOYMENT_TARGET = 13.1;
				MARKETING_VERSION = 1.0;
				PRODUCT_BUNDLE_IDENTIFIER = i860.cc.ipCalcTests;
				PRODUCT_NAME = "$(TARGET_NAME)";
				SDKROOT = auto;
				SUPPORTED_PLATFORMS = "iphoneos iphonesimulator macosx";
				SWIFT_EMIT_LOC_STRINGS = NO;
				SWIFT_VERSION = 5.0;
				TARGETED_DEVICE_FAMILY = "1,2";
				TEST_HOST = "$(BUILT_PRODUCTS_DIR)/ipCalc.app/$(BUNDLE_EXECUTABLE_FOLDER_PATH)/ipCalc";
			};
			name = Debug;
		};
		4355D64929E09C0F00E5F8A2 /* Release */ = {
			isa = XCBuildConfiguration;
			buildSettings = {
				ALWAYS_EMBED_SWIFT_STANDARD_LIBRARIES = YES;
				BUNDLE_LOADER = "$(TEST_HOST)";
				CODE_SIGN_STYLE = Automatic;
				CURRENT_PROJECT_VERSION = 1;
				GENERATE_INFOPLIST_FILE = YES;
				IPHONEOS_DEPLOYMENT_TARGET = 16.2;
				MACOSX_DEPLOYMENT_TARGET = 13.1;
				MARKETING_VERSION = 1.0;
				PRODUCT_BUNDLE_IDENTIFIER = i860.cc.ipCalcTests;
				PRODUCT_NAME = "$(TARGET_NAME)";
				SDKROOT = auto;
				SUPPORTED_PLATFORMS = "iphoneos iphonesimulator macosx";
				SWIFT_EMIT_LOC_STRINGS = NO;
				SWIFT_VERSION = 5.0;
				TARGETED_DEVICE_FAMILY = "1,2";
				TEST_HOST = "$(BUILT_PRODUCTS_DIR)/ipCalc.app/$(BUNDLE_EXECUTABLE_FOLDER_PATH)/ipCalc";
			};
			name = Release;
		};
		4355D64B29E09C0F00E5F8A2 /* Debug */ = {
			isa = XCBuildConfiguration;
			buildSettings = {
				ALWAYS_EMBED_SWIFT_STANDARD_LIBRARIES = YES;
				CODE_SIGN_STYLE = Automatic;
				CURRENT_PROJECT_VERSION = 1;
				GENERATE_INFOPLIST_FILE = YES;
				IPHONEOS_DEPLOYMENT_TARGET = 16.2;
				MACOSX_DEPLOYMENT_TARGET = 13.1;
				MARKETING_VERSION = 1.0;
				PRODUCT_BUNDLE_IDENTIFIER = i860.cc.ipCalcUITests;
				PRODUCT_NAME = "$(TARGET_NAME)";
				SDKROOT = auto;
				SUPPORTED_PLATFORMS = "iphoneos iphonesimulator macosx";
				SWIFT_EMIT_LOC_STRINGS = NO;
				SWIFT_VERSION = 5.0;
				TARGETED_DEVICE_FAMILY = "1,2";
				TEST_TARGET_NAME = ipCalc;
			};
			name = Debug;
		};
		4355D64C29E09C0F00E5F8A2 /* Release */ = {
			isa = XCBuildConfiguration;
			buildSettings = {
				ALWAYS_EMBED_SWIFT_STANDARD_LIBRARIES = YES;
				CODE_SIGN_STYLE = Automatic;
				CURRENT_PROJECT_VERSION = 1;
				GENERATE_INFOPLIST_FILE = YES;
				IPHONEOS_DEPLOYMENT_TARGET = 16.2;
				MACOSX_DEPLOYMENT_TARGET = 13.1;
				MARKETING_VERSION = 1.0;
				PRODUCT_BUNDLE_IDENTIFIER = i860.cc.ipCalcUITests;
				PRODUCT_NAME = "$(TARGET_NAME)";
				SDKROOT = auto;
				SUPPORTED_PLATFORMS = "iphoneos iphonesimulator macosx";
				SWIFT_EMIT_LOC_STRINGS = NO;
				SWIFT_VERSION = 5.0;
				TARGETED_DEVICE_FAMILY = "1,2";
				TEST_TARGET_NAME = ipCalc;
			};
			name = Release;
		};
/* End XCBuildConfiguration section */

/* Begin XCConfigurationList section */
		4355D61A29E09C0D00E5F8A2 /* Build configuration list for PBXProject "ipCalc" */ = {
			isa = XCConfigurationList;
			buildConfigurations = (
				4355D64229E09C0F00E5F8A2 /* Debug */,
				4355D64329E09C0F00E5F8A2 /* Release */,
			);
			defaultConfigurationIsVisible = 0;
			defaultConfigurationName = Release;
		};
		4355D64429E09C0F00E5F8A2 /* Build configuration list for PBXNativeTarget "ipCalc" */ = {
			isa = XCConfigurationList;
			buildConfigurations = (
				4355D64529E09C0F00E5F8A2 /* Debug */,
				4355D64629E09C0F00E5F8A2 /* Release */,
			);
			defaultConfigurationIsVisible = 0;
			defaultConfigurationName = Release;
		};
		4355D64729E09C0F00E5F8A2 /* Build configuration list for PBXNativeTarget "ipCalcTests" */ = {
			isa = XCConfigurationList;
			buildConfigurations = (
				4355D64829E09C0F00E5F8A2 /* Debug */,
				4355D64929E09C0F00E5F8A2 /* Release */,
			);
			defaultConfigurationIsVisible = 0;
			defaultConfigurationName = Release;
		};
		4355D64A29E09C0F00E5F8A2 /* Build configuration list for PBXNativeTarget "ipCalcUITests" */ = {
			isa = XCConfigurationList;
			buildConfigurations = (
				4355D64B29E09C0F00E5F8A2 /* Debug */,
				4355D64C29E09C0F00E5F8A2 /* Release */,
			);
			defaultConfigurationIsVisible = 0;
			defaultConfigurationName = Release;
		};
/* End XCConfigurationList section */
	};
	rootObject = 4355D61729E09C0D00E5F8A2 /* Project object */;
}
